
Microsoft Visual Studio Solution File, Format Version 12.00
# Visual Studio 14
VisualStudioVersion = 14.0.25420.1
MinimumVisualStudioVersion = 10.0.40219.1
Project("{2150E333-8FDC-42A3-9474-1A3956D46DE8}") = "src", "src", "{313FD970-F2DB-4F1C-B332-737B0DFAF0AA}"
EndProject
Project("{2150E333-8FDC-42A3-9474-1A3956D46DE8}") = "Solution Items", "Solution Items", "{33FB9A6A-0FD7-480B-A6A8-0DBDA5EAF92F}"
	ProjectSection(SolutionItems) = preProject
		global.json = global.json
	EndProjectSection
EndProject
Project("{8BB2217D-0F2D-49D1-97BC-3654ED321F3B}") = "HoneyMoonDB", "src\HoneyMoonDB\HoneyMoonDB.xproj", "{771A389A-F2CC-4553-A577-C09B07F62713}"
EndProject
Global
	GlobalSection(SolutionConfigurationPlatforms) = preSolution
		Debug|Any CPU = Debug|Any CPU
		Release|Any CPU = Release|Any CPU
	EndGlobalSection
	GlobalSection(ProjectConfigurationPlatforms) = postSolution
		{771A389A-F2CC-4553-A577-C09B07F62713}.Debug|Any CPU.ActiveCfg = Debug|Any CPU
		{771A389A-F2CC-4553-A577-C09B07F62713}.Debug|Any CPU.Build.0 = Debug|Any CPU
		{771A389A-F2CC-4553-A577-C09B07F62713}.Release|Any CPU.ActiveCfg = Release|Any CPU
		{771A389A-F2CC-4553-A577-C09B07F62713}.Release|Any CPU.Build.0 = Release|Any CPU
	EndGlobalSection
	GlobalSection(SolutionProperties) = preSolution
		HideSolutionNode = FALSE
	EndGlobalSection
	GlobalSection(NestedProjects) = preSolution
		{771A389A-F2CC-4553-A577-C09B07F62713} = {313FD970-F2DB-4F1C-B332-737B0DFAF0AA}
	EndGlobalSection
EndGlobal
